
Microsoft Visual Studio Solution File, Format Version 12.00
# Visual Studio 15
VisualStudioVersion = 15.0.28307.136
MinimumVisualStudioVersion = 10.0.40219.1
Project("{FAE04EC0-301F-11D3-BF4B-00C04F79EFBC}") = "MyRuns.Web", "MyRuns.Web\MyRuns.Web.csproj", "{889D4063-B1BD-474A-9662-E1F154262A92}"
EndProject
Project("{FAE04EC0-301F-11D3-BF4B-00C04F79EFBC}") = "MyRuns.Core", "..\MyRuns.Core\MyRuns.Core.csproj", "{25E749B8-88F3-4AAD-8FD2-A2519154D95C}"
EndProject
Global
	GlobalSection(SolutionConfigurationPlatforms) = preSolution
		Debug|Any CPU = Debug|Any CPU
		Release|Any CPU = Release|Any CPU
	EndGlobalSection
	GlobalSection(ProjectConfigurationPlatforms) = postSolution
		{889D4063-B1BD-474A-9662-E1F154262A92}.Debug|Any CPU.ActiveCfg = Debug|Any CPU
		{889D4063-B1BD-474A-9662-E1F154262A92}.Debug|Any CPU.Build.0 = Debug|Any CPU
		{889D4063-B1BD-474A-9662-E1F154262A92}.Release|Any CPU.ActiveCfg = Release|Any CPU
		{889D4063-B1BD-474A-9662-E1F154262A92}.Release|Any CPU.Build.0 = Release|Any CPU
		{25E749B8-88F3-4AAD-8FD2-A2519154D95C}.Debug|Any CPU.ActiveCfg = Debug|Any CPU
		{25E749B8-88F3-4AAD-8FD2-A2519154D95C}.Debug|Any CPU.Build.0 = Debug|Any CPU
		{25E749B8-88F3-4AAD-8FD2-A2519154D95C}.Release|Any CPU.ActiveCfg = Release|Any CPU
		{25E749B8-88F3-4AAD-8FD2-A2519154D95C}.Release|Any CPU.Build.0 = Release|Any CPU
	EndGlobalSection
	GlobalSection(SolutionProperties) = preSolution
		HideSolutionNode = FALSE
	EndGlobalSection
	GlobalSection(ExtensibilityGlobals) = postSolution
		SolutionGuid = {1A64ABAD-A8C6-4021-9BBB-2A6BC4610C16}
	EndGlobalSection
EndGlobal
